
Microsoft Visual Studio Solution File, Format Version 12.00
# Visual Studio Version 17
VisualStudioVersion = 17.10.34825.169
MinimumVisualStudioVersion = 10.0.40219.1
Project("{FAE04EC0-301F-11D3-BF4B-00C04F79EFBC}") = "LinguisticsAIStudio.Documentation", "LinguisticsAIStudio.Documentation.csproj", "{DAD51772-29ED-4CF6-9BD4-C2EE83C5D1DD}"
EndProject
Global
	GlobalSection(SolutionConfigurationPlatforms) = preSolution
		Debug|Any CPU = Debug|Any CPU
		Release|Any CPU = Release|Any CPU
	EndGlobalSection
	GlobalSection(ProjectConfigurationPlatforms) = postSolution
		{DAD51772-29ED-4CF6-9BD4-C2EE83C5D1DD}.Debug|Any CPU.ActiveCfg = Debug|Any CPU
		{DAD51772-29ED-4CF6-9BD4-C2EE83C5D1DD}.Debug|Any CPU.Build.0 = Debug|Any CPU
		{DAD51772-29ED-4CF6-9BD4-C2EE83C5D1DD}.Release|Any CPU.ActiveCfg = Release|Any CPU
		{DAD51772-29ED-4CF6-9BD4-C2EE83C5D1DD}.Release|Any CPU.Build.0 = Release|Any CPU
	EndGlobalSection
	GlobalSection(SolutionProperties) = preSolution
		HideSolutionNode = FALSE
	EndGlobalSection
	GlobalSection(ExtensibilityGlobals) = postSolution
		SolutionGuid = {D3009207-0BE9-4543-BE99-68E011F8B3CE}
	EndGlobalSection
EndGlobal
